
Microsoft Visual Studio Solution File, Format Version 12.00
# Visual Studio Version 17
VisualStudioVersion = 17.2.32505.173
MinimumVisualStudioVersion = 10.0.40219.1
Project("{FAE04EC0-301F-11D3-BF4B-00C04F79EFBC}") = "MockProgramPractice", "MockProgramPractice.csproj", "{C94B5883-9844-405A-AE6A-4A0E3DFAC210}"
EndProject
Global
	GlobalSection(SolutionConfigurationPlatforms) = preSolution
		Debug|Any CPU = Debug|Any CPU
		Release|Any CPU = Release|Any CPU
	EndGlobalSection
	GlobalSection(ProjectConfigurationPlatforms) = postSolution
		{C94B5883-9844-405A-AE6A-4A0E3DFAC210}.Debug|Any CPU.ActiveCfg = Debug|Any CPU
		{C94B5883-9844-405A-AE6A-4A0E3DFAC210}.Debug|Any CPU.Build.0 = Debug|Any CPU
		{C94B5883-9844-405A-AE6A-4A0E3DFAC210}.Release|Any CPU.ActiveCfg = Release|Any CPU
		{C94B5883-9844-405A-AE6A-4A0E3DFAC210}.Release|Any CPU.Build.0 = Release|Any CPU
	EndGlobalSection
	GlobalSection(SolutionProperties) = preSolution
		HideSolutionNode = FALSE
	EndGlobalSection
	GlobalSection(ExtensibilityGlobals) = postSolution
		SolutionGuid = {C7B2651F-4834-47DC-8CA1-5224A39E9452}
	EndGlobalSection
EndGlobal
